
Microsoft Visual Studio Solution File, Format Version 12.00
# Visual Studio Version 17
VisualStudioVersion = 17.5.33424.131
MinimumVisualStudioVersion = 10.0.40219.1
Project("{FAE04EC0-301F-11D3-BF4B-00C04F79EFBC}") = "Functional_Program", "Functional_Program\Functional_Program.csproj", "{3B945462-D5F5-480A-95B2-15B89FE5EEA7}"
EndProject
Global
	GlobalSection(SolutionConfigurationPlatforms) = preSolution
		Debug|Any CPU = Debug|Any CPU
		Release|Any CPU = Release|Any CPU
	EndGlobalSection
	GlobalSection(ProjectConfigurationPlatforms) = postSolution
		{3B945462-D5F5-480A-95B2-15B89FE5EEA7}.Debug|Any CPU.ActiveCfg = Debug|Any CPU
		{3B945462-D5F5-480A-95B2-15B89FE5EEA7}.Debug|Any CPU.Build.0 = Debug|Any CPU
		{3B945462-D5F5-480A-95B2-15B89FE5EEA7}.Release|Any CPU.ActiveCfg = Release|Any CPU
		{3B945462-D5F5-480A-95B2-15B89FE5EEA7}.Release|Any CPU.Build.0 = Release|Any CPU
	EndGlobalSection
	GlobalSection(SolutionProperties) = preSolution
		HideSolutionNode = FALSE
	EndGlobalSection
	GlobalSection(ExtensibilityGlobals) = postSolution
		SolutionGuid = {5F0C7E62-9BDA-4822-88ED-E828B3CED43D}
	EndGlobalSection
EndGlobal
